
Microsoft Visual Studio Solution File, Format Version 12.00
# Visual Studio 14
VisualStudioVersion = 14.0.25420.1
MinimumVisualStudioVersion = 10.0.40219.1
Project("{DA7A21FA-8162-4350-AD77-A8D1B671F3ED}") = "rproject1", "rproject1.rxproj", "{C85693D7-C215-440F-8C28-6C7F61080D5D}"
EndProject
Project("{DA7A21FA-8162-4350-AD77-A8D1B671F3ED}") = "rproject2hrace", "..\rproject2hrace\rproject2hrace.rxproj", "{2AD3791B-E3F6-4E25-8933-29006BD437E4}"
EndProject
Global
	GlobalSection(SolutionConfigurationPlatforms) = preSolution
		Debug|Any CPU = Debug|Any CPU
		Release|Any CPU = Release|Any CPU
	EndGlobalSection
	GlobalSection(ProjectConfigurationPlatforms) = postSolution
		{C85693D7-C215-440F-8C28-6C7F61080D5D}.Debug|Any CPU.ActiveCfg = Debug|Any CPU
		{C85693D7-C215-440F-8C28-6C7F61080D5D}.Debug|Any CPU.Build.0 = Debug|Any CPU
		{C85693D7-C215-440F-8C28-6C7F61080D5D}.Release|Any CPU.ActiveCfg = Release|Any CPU
		{C85693D7-C215-440F-8C28-6C7F61080D5D}.Release|Any CPU.Build.0 = Release|Any CPU
		{2AD3791B-E3F6-4E25-8933-29006BD437E4}.Debug|Any CPU.ActiveCfg = Debug|Any CPU
		{2AD3791B-E3F6-4E25-8933-29006BD437E4}.Debug|Any CPU.Build.0 = Debug|Any CPU
		{2AD3791B-E3F6-4E25-8933-29006BD437E4}.Release|Any CPU.ActiveCfg = Release|Any CPU
		{2AD3791B-E3F6-4E25-8933-29006BD437E4}.Release|Any CPU.Build.0 = Release|Any CPU
	EndGlobalSection
	GlobalSection(SolutionProperties) = preSolution
		HideSolutionNode = FALSE
	EndGlobalSection
EndGlobal
