
Microsoft Visual Studio Solution File, Format Version 12.00
# Visual Studio 2012
Project("{8BC9CEB8-8B4A-11D0-8D11-00A0C91BC942}") = "BitField", "BitField.vcxproj", "{24BF74E6-3D25-43C0-8364-4413E4A5344C}"
EndProject
Global
	GlobalSection(SolutionConfigurationPlatforms) = preSolution
		Debug|Win32 = Debug|Win32
		Release|Win32 = Release|Win32
	EndGlobalSection
	GlobalSection(ProjectConfigurationPlatforms) = postSolution
		{24BF74E6-3D25-43C0-8364-4413E4A5344C}.Debug|Win32.ActiveCfg = Debug|Win32
		{24BF74E6-3D25-43C0-8364-4413E4A5344C}.Debug|Win32.Build.0 = Debug|Win32
		{24BF74E6-3D25-43C0-8364-4413E4A5344C}.Release|Win32.ActiveCfg = Release|Win32
		{24BF74E6-3D25-43C0-8364-4413E4A5344C}.Release|Win32.Build.0 = Release|Win32
	EndGlobalSection
	GlobalSection(SolutionProperties) = preSolution
		HideSolutionNode = FALSE
	EndGlobalSection
EndGlobal
