
Microsoft Visual Studio Solution File, Format Version 12.00
# Visual Studio 2012
Project("{8BC9CEB8-8B4A-11D0-8D11-00A0C91BC942}") = "QuickSort_201406", "QuickSort_201406.vcxproj", "{8DD543B7-7A11-4247-B11F-51FE2A75B634}"
EndProject
Global
	GlobalSection(SolutionConfigurationPlatforms) = preSolution
		Debug|Win32 = Debug|Win32
		Release|Win32 = Release|Win32
	EndGlobalSection
	GlobalSection(ProjectConfigurationPlatforms) = postSolution
		{8DD543B7-7A11-4247-B11F-51FE2A75B634}.Debug|Win32.ActiveCfg = Debug|Win32
		{8DD543B7-7A11-4247-B11F-51FE2A75B634}.Debug|Win32.Build.0 = Debug|Win32
		{8DD543B7-7A11-4247-B11F-51FE2A75B634}.Release|Win32.ActiveCfg = Release|Win32
		{8DD543B7-7A11-4247-B11F-51FE2A75B634}.Release|Win32.Build.0 = Release|Win32
	EndGlobalSection
	GlobalSection(SolutionProperties) = preSolution
		HideSolutionNode = FALSE
	EndGlobalSection
EndGlobal
